// !$*UTF8*$!
{
	archiveVersion = 1;
	classes = {
	};
	objectVersion = 46;
	objects = {

/* Begin PBXBuildFile section */
		C70B127E1C749BF0007FC744 /* PPTAppDelegate.swift in Sources */ = {isa = PBXBuildFile; fileRef = C70B127D1C749BF0007FC744 /* PPTAppDelegate.swift */; };
		C70B12801C749BF0007FC744 /* ViewController.swift in Sources */ = {isa = PBXBuildFile; fileRef = C70B127F1C749BF0007FC744 /* ViewController.swift */; };
		C70B12831C749BF0007FC744 /* Main.storyboard in Resources */ = {isa = PBXBuildFile; fileRef = C70B12811C749BF0007FC744 /* Main.storyboard */; };
		C70B12881C749BF0007FC744 /* Assets.xcassets in Resources */ = {isa = PBXBuildFile; fileRef = C70B12871C749BF0007FC744 /* Assets.xcassets */; };
		C70B128B1C749BF0007FC744 /* LaunchScreen.storyboard in Resources */ = {isa = PBXBuildFile; fileRef = C70B12891C749BF0007FC744 /* LaunchScreen.storyboard */; };
		C70B12961C749BF1007FC744 /* TrailerTests.swift in Sources */ = {isa = PBXBuildFile; fileRef = C70B12951C749BF1007FC744 /* TrailerTests.swift */; };
		C70B12A81C749DC5007FC744 /* Trailer.xcdatamodeld in Sources */ = {isa = PBXBuildFile; fileRef = C70B12A61C749DC5007FC744 /* Trailer.xcdatamodeld */; };
		C70B12A91C749DC5007FC744 /* Trailer.xcdatamodeld in Sources */ = {isa = PBXBuildFile; fileRef = C70B12A61C749DC5007FC744 /* Trailer.xcdatamodeld */; };
		C70B12AB1C749F05007FC744 /* PPTPersistenceManager.swift in Sources */ = {isa = PBXBuildFile; fileRef = C70B12AA1C749F05007FC744 /* PPTPersistenceManager.swift */; };
		C70B12AC1C749F05007FC744 /* PPTPersistenceManager.swift in Sources */ = {isa = PBXBuildFile; fileRef = C70B12AA1C749F05007FC744 /* PPTPersistenceManager.swift */; };
		C70B12AE1C749F57007FC744 /* PPTPathsManager.swift in Sources */ = {isa = PBXBuildFile; fileRef = C70B12AD1C749F57007FC744 /* PPTPathsManager.swift */; };
		C70B12AF1C749F57007FC744 /* PPTPathsManager.swift in Sources */ = {isa = PBXBuildFile; fileRef = C70B12AD1C749F57007FC744 /* PPTPathsManager.swift */; };
/* End PBXBuildFile section */

/* Begin PBXContainerItemProxy section */
		C70B12921C749BF1007FC744 /* PBXContainerItemProxy */ = {
			isa = PBXContainerItemProxy;
			containerPortal = C70B12721C749BF0007FC744 /* Project object */;
			proxyType = 1;
			remoteGlobalIDString = C70B12791C749BF0007FC744;
			remoteInfo = Trailer;
		};
/* End PBXContainerItemProxy section */

/* Begin PBXFileReference section */
		C70B127A1C749BF0007FC744 /* Trailer.app */ = {isa = PBXFileReference; explicitFileType = wrapper.application; includeInIndex = 0; path = Trailer.app; sourceTree = BUILT_PRODUCTS_DIR; };
		C70B127D1C749BF0007FC744 /* PPTAppDelegate.swift */ = {isa = PBXFileReference; lastKnownFileType = sourcecode.swift; name = PPTAppDelegate.swift; path = AppDelegate/PPTAppDelegate.swift; sourceTree = "<group>"; };
		C70B127F1C749BF0007FC744 /* ViewController.swift */ = {isa = PBXFileReference; lastKnownFileType = sourcecode.swift; path = ViewController.swift; sourceTree = "<group>"; };
		C70B12821C749BF0007FC744 /* Base */ = {isa = PBXFileReference; lastKnownFileType = file.storyboard; name = Base; path = Base.lproj/Main.storyboard; sourceTree = "<group>"; };
		C70B12871C749BF0007FC744 /* Assets.xcassets */ = {isa = PBXFileReference; lastKnownFileType = folder.assetcatalog; path = Assets.xcassets; sourceTree = "<group>"; };
		C70B128A1C749BF0007FC744 /* Base */ = {isa = PBXFileReference; lastKnownFileType = file.storyboard; name = Base; path = Base.lproj/LaunchScreen.storyboard; sourceTree = "<group>"; };
		C70B128C1C749BF0007FC744 /* Info.plist */ = {isa = PBXFileReference; lastKnownFileType = text.plist.xml; path = Info.plist; sourceTree = "<group>"; };
		C70B12911C749BF1007FC744 /* TrailerTests.xctest */ = {isa = PBXFileReference; explicitFileType = wrapper.cfbundle; includeInIndex = 0; path = TrailerTests.xctest; sourceTree = BUILT_PRODUCTS_DIR; };
		C70B12951C749BF1007FC744 /* TrailerTests.swift */ = {isa = PBXFileReference; lastKnownFileType = sourcecode.swift; path = TrailerTests.swift; sourceTree = "<group>"; };
		C70B12971C749BF1007FC744 /* Info.plist */ = {isa = PBXFileReference; lastKnownFileType = text.plist.xml; path = Info.plist; sourceTree = "<group>"; };
		C70B12A71C749DC5007FC744 /* Trailer.xcdatamodel */ = {isa = PBXFileReference; lastKnownFileType = wrapper.xcdatamodel; path = Trailer.xcdatamodel; sourceTree = "<group>"; };
		C70B12AA1C749F05007FC744 /* PPTPersistenceManager.swift */ = {isa = PBXFileReference; fileEncoding = 4; lastKnownFileType = sourcecode.swift; name = PPTPersistenceManager.swift; path = Classes/Common/Managers/PPTPersistenceManager.swift; sourceTree = "<group>"; };
		C70B12AD1C749F57007FC744 /* PPTPathsManager.swift */ = {isa = PBXFileReference; fileEncoding = 4; lastKnownFileType = sourcecode.swift; name = PPTPathsManager.swift; path = Classes/Common/Managers/PPTPathsManager.swift; sourceTree = "<group>"; };
/* End PBXFileReference section */

/* Begin PBXFrameworksBuildPhase section */
		C70B12771C749BF0007FC744 /* Frameworks */ = {
			isa = PBXFrameworksBuildPhase;
			buildActionMask = 2147483647;
			files = (
			);
			runOnlyForDeploymentPostprocessing = 0;
		};
		C70B128E1C749BF1007FC744 /* Frameworks */ = {
			isa = PBXFrameworksBuildPhase;
			buildActionMask = 2147483647;
			files = (
			);
			runOnlyForDeploymentPostprocessing = 0;
		};
/* End PBXFrameworksBuildPhase section */

/* Begin PBXGroup section */
		C70B12711C749BF0007FC744 = {
			isa = PBXGroup;
			children = (
				C70B127C1C749BF0007FC744 /* Trailer */,
				C70B12941C749BF1007FC744 /* TrailerTests */,
				C70B127B1C749BF0007FC744 /* Products */,
			);
			sourceTree = "<group>";
		};
		C70B127B1C749BF0007FC744 /* Products */ = {
			isa = PBXGroup;
			children = (
				C70B127A1C749BF0007FC744 /* Trailer.app */,
				C70B12911C749BF1007FC744 /* TrailerTests.xctest */,
			);
			name = Products;
			sourceTree = "<group>";
		};
		C70B127C1C749BF0007FC744 /* Trailer */ = {
			isa = PBXGroup;
			children = (
				C70B12A11C749D74007FC744 /* Classes */,
				C70B12A01C749D65007FC744 /* AppDelegate */,
				C70B127F1C749BF0007FC744 /* ViewController.swift */,
				C70B12811C749BF0007FC744 /* Main.storyboard */,
				C70B12871C749BF0007FC744 /* Assets.xcassets */,
				C70B12891C749BF0007FC744 /* LaunchScreen.storyboard */,
				C70B128C1C749BF0007FC744 /* Info.plist */,
			);
			path = Trailer;
			sourceTree = "<group>";
		};
		C70B12941C749BF1007FC744 /* TrailerTests */ = {
			isa = PBXGroup;
			children = (
				C70B12951C749BF1007FC744 /* TrailerTests.swift */,
				C70B12971C749BF1007FC744 /* Info.plist */,
			);
			path = TrailerTests;
			sourceTree = "<group>";
		};
		C70B12A01C749D65007FC744 /* AppDelegate */ = {
			isa = PBXGroup;
			children = (
				C70B127D1C749BF0007FC744 /* PPTAppDelegate.swift */,
			);
			name = AppDelegate;
			sourceTree = "<group>";
		};
		C70B12A11C749D74007FC744 /* Classes */ = {
			isa = PBXGroup;
			children = (
				C70B12A21C749D81007FC744 /* Common */,
			);
			name = Classes;
			sourceTree = "<group>";
		};
		C70B12A21C749D81007FC744 /* Common */ = {
			isa = PBXGroup;
			children = (
				C70B12A51C749DA4007FC744 /* Managers */,
				C70B12A41C749D97007FC744 /* Store */,
				C70B12A31C749D91007FC744 /* Model */,
			);
			name = Common;
			sourceTree = "<group>";
		};
		C70B12A31C749D91007FC744 /* Model */ = {
			isa = PBXGroup;
			children = (
			);
			name = Model;
			sourceTree = "<group>";
		};
		C70B12A41C749D97007FC744 /* Store */ = {
			isa = PBXGroup;
			children = (
				C70B12A61C749DC5007FC744 /* Trailer.xcdatamodeld */,
			);
			name = Store;
			sourceTree = "<group>";
		};
		C70B12A51C749DA4007FC744 /* Managers */ = {
			isa = PBXGroup;
			children = (
				C70B12AA1C749F05007FC744 /* PPTPersistenceManager.swift */,
				C70B12AD1C749F57007FC744 /* PPTPathsManager.swift */,
			);
			name = Managers;
			sourceTree = "<group>";
		};
/* End PBXGroup section */

/* Begin PBXNativeTarget section */
		C70B12791C749BF0007FC744 /* Trailer */ = {
			isa = PBXNativeTarget;
			buildConfigurationList = C70B129A1C749BF1007FC744 /* Build configuration list for PBXNativeTarget "Trailer" */;
			buildPhases = (
				C70B12761C749BF0007FC744 /* Sources */,
				C70B12771C749BF0007FC744 /* Frameworks */,
				C70B12781C749BF0007FC744 /* Resources */,
			);
			buildRules = (
			);
			dependencies = (
			);
			name = Trailer;
			productName = Trailer;
			productReference = C70B127A1C749BF0007FC744 /* Trailer.app */;
			productType = "com.apple.product-type.application";
		};
		C70B12901C749BF1007FC744 /* TrailerTests */ = {
			isa = PBXNativeTarget;
			buildConfigurationList = C70B129D1C749BF1007FC744 /* Build configuration list for PBXNativeTarget "TrailerTests" */;
			buildPhases = (
				C70B128D1C749BF1007FC744 /* Sources */,
				C70B128E1C749BF1007FC744 /* Frameworks */,
				C70B128F1C749BF1007FC744 /* Resources */,
			);
			buildRules = (
			);
			dependencies = (
				C70B12931C749BF1007FC744 /* PBXTargetDependency */,
			);
			name = TrailerTests;
			productName = TrailerTests;
			productReference = C70B12911C749BF1007FC744 /* TrailerTests.xctest */;
			productType = "com.apple.product-type.bundle.unit-test";
		};
/* End PBXNativeTarget section */

/* Begin PBXProject section */
		C70B12721C749BF0007FC744 /* Project object */ = {
			isa = PBXProject;
			attributes = {
				LastSwiftUpdateCheck = 0720;
				LastUpgradeCheck = 0720;
				ORGANIZATIONNAME = PragmaPilot;
				TargetAttributes = {
					C70B12791C749BF0007FC744 = {
						CreatedOnToolsVersion = 7.2;
					};
					C70B12901C749BF1007FC744 = {
						CreatedOnToolsVersion = 7.2;
						TestTargetID = C70B12791C749BF0007FC744;
					};
				};
			};
			buildConfigurationList = C70B12751C749BF0007FC744 /* Build configuration list for PBXProject "Trailer" */;
			compatibilityVersion = "Xcode 3.2";
			developmentRegion = English;
			hasScannedForEncodings = 0;
			knownRegions = (
				en,
				Base,
			);
			mainGroup = C70B12711C749BF0007FC744;
			productRefGroup = C70B127B1C749BF0007FC744 /* Products */;
			projectDirPath = "";
			projectRoot = "";
			targets = (
				C70B12791C749BF0007FC744 /* Trailer */,
				C70B12901C749BF1007FC744 /* TrailerTests */,
			);
		};
/* End PBXProject section */

/* Begin PBXResourcesBuildPhase section */
		C70B12781C749BF0007FC744 /* Resources */ = {
			isa = PBXResourcesBuildPhase;
			buildActionMask = 2147483647;
			files = (
				C70B128B1C749BF0007FC744 /* LaunchScreen.storyboard in Resources */,
				C70B12881C749BF0007FC744 /* Assets.xcassets in Resources */,
				C70B12831C749BF0007FC744 /* Main.storyboard in Resources */,
			);
			runOnlyForDeploymentPostprocessing = 0;
		};
		C70B128F1C749BF1007FC744 /* Resources */ = {
			isa = PBXResourcesBuildPhase;
			buildActionMask = 2147483647;
			files = (
			);
			runOnlyForDeploymentPostprocessing = 0;
		};
/* End PBXResourcesBuildPhase section */

/* Begin PBXSourcesBuildPhase section */
		C70B12761C749BF0007FC744 /* Sources */ = {
			isa = PBXSourcesBuildPhase;
			buildActionMask = 2147483647;
			files = (
				C70B12801C749BF0007FC744 /* ViewController.swift in Sources */,
				C70B12AE1C749F57007FC744 /* PPTPathsManager.swift in Sources */,
				C70B127E1C749BF0007FC744 /* PPTAppDelegate.swift in Sources */,
				C70B12AB1C749F05007FC744 /* PPTPersistenceManager.swift in Sources */,
				C70B12A81C749DC5007FC744 /* Trailer.xcdatamodeld in Sources */,
			);
			runOnlyForDeploymentPostprocessing = 0;
		};
		C70B128D1C749BF1007FC744 /* Sources */ = {
			isa = PBXSourcesBuildPhase;
			buildActionMask = 2147483647;
			files = (
				C70B12961C749BF1007FC744 /* TrailerTests.swift in Sources */,
				C70B12AC1C749F05007FC744 /* PPTPersistenceManager.swift in Sources */,
				C70B12A91C749DC5007FC744 /* Trailer.xcdatamodeld in Sources */,
				C70B12AF1C749F57007FC744 /* PPTPathsManager.swift in Sources */,
			);
			runOnlyForDeploymentPostprocessing = 0;
		};
/* End PBXSourcesBuildPhase section */

/* Begin PBXTargetDependency section */
		C70B12931C749BF1007FC744 /* PBXTargetDependency */ = {
			isa = PBXTargetDependency;
			target = C70B12791C749BF0007FC744 /* Trailer */;
			targetProxy = C70B12921C749BF1007FC744 /* PBXContainerItemProxy */;
		};
/* End PBXTargetDependency section */

/* Begin PBXVariantGroup section */
		C70B12811C749BF0007FC744 /* Main.storyboard */ = {
			isa = PBXVariantGroup;
			children = (
				C70B12821C749BF0007FC744 /* Base */,
			);
			name = Main.storyboard;
			sourceTree = "<group>";
		};
		C70B12891C749BF0007FC744 /* LaunchScreen.storyboard */ = {
			isa = PBXVariantGroup;
			children = (
				C70B128A1C749BF0007FC744 /* Base */,
			);
			name = LaunchScreen.storyboard;
			sourceTree = "<group>";
		};
/* End PBXVariantGroup section */

/* Begin XCBuildConfiguration section */
		C70B12981C749BF1007FC744 /* Debug */ = {
			isa = XCBuildConfiguration;
			buildSettings = {
				ALWAYS_SEARCH_USER_PATHS = NO;
				CLANG_CXX_LANGUAGE_STANDARD = "gnu++0x";
				CLANG_CXX_LIBRARY = "libc++";
				CLANG_ENABLE_MODULES = YES;
				CLANG_ENABLE_OBJC_ARC = YES;
				CLANG_WARN_BOOL_CONVERSION = YES;
				CLANG_WARN_CONSTANT_CONVERSION = YES;
				CLANG_WARN_DIRECT_OBJC_ISA_USAGE = YES_ERROR;
				CLANG_WARN_EMPTY_BODY = YES;
				CLANG_WARN_ENUM_CONVERSION = YES;
				CLANG_WARN_INT_CONVERSION = YES;
				CLANG_WARN_OBJC_ROOT_CLASS = YES_ERROR;
				CLANG_WARN_UNREACHABLE_CODE = YES;
				CLANG_WARN__DUPLICATE_METHOD_MATCH = YES;
				"CODE_SIGN_IDENTITY[sdk=iphoneos*]" = "iPhone Developer";
				COPY_PHASE_STRIP = NO;
				DEBUG_INFORMATION_FORMAT = dwarf;
				ENABLE_STRICT_OBJC_MSGSEND = YES;
				ENABLE_TESTABILITY = YES;
				GCC_C_LANGUAGE_STANDARD = gnu99;
				GCC_DYNAMIC_NO_PIC = NO;
				GCC_NO_COMMON_BLOCKS = YES;
				GCC_OPTIMIZATION_LEVEL = 0;
				GCC_PREPROCESSOR_DEFINITIONS = (
					"DEBUG=1",
					"$(inherited)",
				);
				GCC_WARN_64_TO_32_BIT_CONVERSION = YES;
				GCC_WARN_ABOUT_RETURN_TYPE = YES_ERROR;
				GCC_WARN_UNDECLARED_SELECTOR = YES;
				GCC_WARN_UNINITIALIZED_AUTOS = YES_AGGRESSIVE;
				GCC_WARN_UNUSED_FUNCTION = YES;
				GCC_WARN_UNUSED_VARIABLE = YES;
				IPHONEOS_DEPLOYMENT_TARGET = 9.2;
				MTL_ENABLE_DEBUG_INFO = YES;
				ONLY_ACTIVE_ARCH = YES;
				SDKROOT = iphoneos;
				SWIFT_OPTIMIZATION_LEVEL = "-Onone";
			};
			name = Debug;
		};
		C70B12991C749BF1007FC744 /* Release */ = {
			isa = XCBuildConfiguration;
			buildSettings = {
				ALWAYS_SEARCH_USER_PATHS = NO;
				CLANG_CXX_LANGUAGE_STANDARD = "gnu++0x";
				CLANG_CXX_LIBRARY = "libc++";
				CLANG_ENABLE_MODULES = YES;
				CLANG_ENABLE_OBJC_ARC = YES;
				CLANG_WARN_BOOL_CONVERSION = YES;
				CLANG_WARN_CONSTANT_CONVERSION = YES;
				CLANG_WARN_DIRECT_OBJC_ISA_USAGE = YES_ERROR;
				CLANG_WARN_EMPTY_BODY = YES;
				CLANG_WARN_ENUM_CONVERSION = YES;
				CLANG_WARN_INT_CONVERSION = YES;
				CLANG_WARN_OBJC_ROOT_CLASS = YES_ERROR;
				CLANG_WARN_UNREACHABLE_CODE = YES;
				CLANG_WARN__DUPLICATE_METHOD_MATCH = YES;
				"CODE_SIGN_IDENTITY[sdk=iphoneos*]" = "iPhone Developer";
				COPY_PHASE_STRIP = NO;
				DEBUG_INFORMATION_FORMAT = "dwarf-with-dsym";
				ENABLE_NS_ASSERTIONS = NO;
				ENABLE_STRICT_OBJC_MSGSEND = YES;
				GCC_C_LANGUAGE_STANDARD = gnu99;
				GCC_NO_COMMON_BLOCKS = YES;
				GCC_WARN_64_TO_32_BIT_CONVERSION = YES;
				GCC_WARN_ABOUT_RETURN_TYPE = YES_ERROR;
				GCC_WARN_UNDECLARED_SELECTOR = YES;
				GCC_WARN_UNINITIALIZED_AUTOS = YES_AGGRESSIVE;
				GCC_WARN_UNUSED_FUNCTION = YES;
				GCC_WARN_UNUSED_VARIABLE = YES;
				IPHONEOS_DEPLOYMENT_TARGET = 9.2;
				MTL_ENABLE_DEBUG_INFO = NO;
				SDKROOT = iphoneos;
				VALIDATE_PRODUCT = YES;
			};
			name = Release;
		};
		C70B129B1C749BF1007FC744 /* Debug */ = {
			isa = XCBuildConfiguration;
			buildSettings = {
				ASSETCATALOG_COMPILER_APPICON_NAME = AppIcon;
				INFOPLIST_FILE = Trailer/Info.plist;
				IPHONEOS_DEPLOYMENT_TARGET = 7.0;
				LD_RUNPATH_SEARCH_PATHS = "$(inherited) @executable_path/Frameworks";
				PRODUCT_BUNDLE_IDENTIFIER = pp.Trailer;
				PRODUCT_NAME = "$(TARGET_NAME)";
			};
			name = Debug;
		};
		C70B129C1C749BF1007FC744 /* Release */ = {
			isa = XCBuildConfiguration;
			buildSettings = {
				ASSETCATALOG_COMPILER_APPICON_NAME = AppIcon;
				INFOPLIST_FILE = Trailer/Info.plist;
				IPHONEOS_DEPLOYMENT_TARGET = 7.0;
				LD_RUNPATH_SEARCH_PATHS = "$(inherited) @executable_path/Frameworks";
				PRODUCT_BUNDLE_IDENTIFIER = pp.Trailer;
				PRODUCT_NAME = "$(TARGET_NAME)";
			};
			name = Release;
		};
		C70B129E1C749BF1007FC744 /* Debug */ = {
			isa = XCBuildConfiguration;
			buildSettings = {
				BUNDLE_LOADER = "$(TEST_HOST)";
				INFOPLIST_FILE = TrailerTests/Info.plist;
				LD_RUNPATH_SEARCH_PATHS = "$(inherited) @executable_path/Frameworks @loader_path/Frameworks";
				PRODUCT_BUNDLE_IDENTIFIER = pp.TrailerTests;
				PRODUCT_NAME = "$(TARGET_NAME)";
				TEST_HOST = "$(BUILT_PRODUCTS_DIR)/Trailer.app/Trailer";
			};
			name = Debug;
		};
		C70B129F1C749BF1007FC744 /* Release */ = {
			isa = XCBuildConfiguration;
			buildSettings = {
				BUNDLE_LOADER = "$(TEST_HOST)";
				INFOPLIST_FILE = TrailerTests/Info.plist;
				LD_RUNPATH_SEARCH_PATHS = "$(inherited) @executable_path/Frameworks @loader_path/Frameworks";
				PRODUCT_BUNDLE_IDENTIFIER = pp.TrailerTests;
				PRODUCT_NAME = "$(TARGET_NAME)";
				TEST_HOST = "$(BUILT_PRODUCTS_DIR)/Trailer.app/Trailer";
			};
			name = Release;
		};
/* End XCBuildConfiguration section */

/* Begin XCConfigurationList section */
		C70B12751C749BF0007FC744 /* Build configuration list for PBXProject "Trailer" */ = {
			isa = XCConfigurationList;
			buildConfigurations = (
				C70B12981C749BF1007FC744 /* Debug */,
				C70B12991C749BF1007FC744 /* Release */,
			);
			defaultConfigurationIsVisible = 0;
			defaultConfigurationName = Release;
		};
		C70B129A1C749BF1007FC744 /* Build configuration list for PBXNativeTarget "Trailer" */ = {
			isa = XCConfigurationList;
			buildConfigurations = (
				C70B129B1C749BF1007FC744 /* Debug */,
				C70B129C1C749BF1007FC744 /* Release */,
			);
			defaultConfigurationIsVisible = 0;
		};
		C70B129D1C749BF1007FC744 /* Build configuration list for PBXNativeTarget "TrailerTests" */ = {
			isa = XCConfigurationList;
			buildConfigurations = (
				C70B129E1C749BF1007FC744 /* Debug */,
				C70B129F1C749BF1007FC744 /* Release */,
			);
			defaultConfigurationIsVisible = 0;
		};
/* End XCConfigurationList section */

/* Begin XCVersionGroup section */
		C70B12A61C749DC5007FC744 /* Trailer.xcdatamodeld */ = {
			isa = XCVersionGroup;
			children = (
				C70B12A71C749DC5007FC744 /* Trailer.xcdatamodel */,
			);
			currentVersion = C70B12A71C749DC5007FC744 /* Trailer.xcdatamodel */;
			name = Trailer.xcdatamodeld;
			path = Classes/Common/Store/Trailer.xcdatamodeld;
			sourceTree = "<group>";
			versionGroupType = wrapper.xcdatamodel;
		};
/* End XCVersionGroup section */
	};
	rootObject = C70B12721C749BF0007FC744 /* Project object */;
}
